// !$*UTF8*$!
{
	archiveVersion = 1;
	classes = {
	};
	objectVersion = 48;
	objects = {

/* Begin PBXBuildFile section */
		C0DFC997200416C40032E24E /* AppDelegate.swift in Sources */ = {isa = PBXBuildFile; fileRef = C0DFC996200416C40032E24E /* AppDelegate.swift */; };
		C0DFC999200416C40032E24E /* ViewController.swift in Sources */ = {isa = PBXBuildFile; fileRef = C0DFC998200416C40032E24E /* ViewController.swift */; };
		C0DFC99C200416C40032E24E /* Main.storyboard in Resources */ = {isa = PBXBuildFile; fileRef = C0DFC99A200416C40032E24E /* Main.storyboard */; };
		C0DFC99E200416C40032E24E /* Assets.xcassets in Resources */ = {isa = PBXBuildFile; fileRef = C0DFC99D200416C40032E24E /* Assets.xcassets */; };
		C0DFC9A1200416C40032E24E /* LaunchScreen.storyboard in Resources */ = {isa = PBXBuildFile; fileRef = C0DFC99F200416C40032E24E /* LaunchScreen.storyboard */; };
		C0DFC9AC200416C40032E24E /* HelloTests.swift in Sources */ = {isa = PBXBuildFile; fileRef = C0DFC9AB200416C40032E24E /* HelloTests.swift */; };
		C0DFC9B7200416C40032E24E /* HelloUITests.swift in Sources */ = {isa = PBXBuildFile; fileRef = C0DFC9B6200416C40032E24E /* HelloUITests.swift */; };
/* End PBXBuildFile section */

/* Begin PBXContainerItemProxy section */
		C0DFC9A8200416C40032E24E /* PBXContainerItemProxy */ = {
			isa = PBXContainerItemProxy;
			containerPortal = C0DFC98B200416C30032E24E /* Project object */;
			proxyType = 1;
			remoteGlobalIDString = C0DFC992200416C30032E24E;
			remoteInfo = Hello;
		};
		C0DFC9B3200416C40032E24E /* PBXContainerItemProxy */ = {
			isa = PBXContainerItemProxy;
			containerPortal = C0DFC98B200416C30032E24E /* Project object */;
			proxyType = 1;
			remoteGlobalIDString = C0DFC992200416C30032E24E;
			remoteInfo = Hello;
		};
/* End PBXContainerItemProxy section */

/* Begin PBXFileReference section */
		C0DFC993200416C40032E24E /* Hello.app */ = {isa = PBXFileReference; explicitFileType = wrapper.application; includeInIndex = 0; path = Hello.app; sourceTree = BUILT_PRODUCTS_DIR; };
		C0DFC996200416C40032E24E /* AppDelegate.swift */ = {isa = PBXFileReference; lastKnownFileType = sourcecode.swift; path = AppDelegate.swift; sourceTree = "<group>"; };
		C0DFC998200416C40032E24E /* ViewController.swift */ = {isa = PBXFileReference; lastKnownFileType = sourcecode.swift; path = ViewController.swift; sourceTree = "<group>"; };
		C0DFC99B200416C40032E24E /* Base */ = {isa = PBXFileReference; lastKnownFileType = file.storyboard; name = Base; path = Base.lproj/Main.storyboard; sourceTree = "<group>"; };
		C0DFC99D200416C40032E24E /* Assets.xcassets */ = {isa = PBXFileReference; lastKnownFileType = folder.assetcatalog; path = Assets.xcassets; sourceTree = "<group>"; };
		C0DFC9A0200416C40032E24E /* Base */ = {isa = PBXFileReference; lastKnownFileType = file.storyboard; name = Base; path = Base.lproj/LaunchScreen.storyboard; sourceTree = "<group>"; };
		C0DFC9A2200416C40032E24E /* Info.plist */ = {isa = PBXFileReference; lastKnownFileType = text.plist.xml; path = Info.plist; sourceTree = "<group>"; };
		C0DFC9A7200416C40032E24E /* HelloTests.xctest */ = {isa = PBXFileReference; explicitFileType = wrapper.cfbundle; includeInIndex = 0; path = HelloTests.xctest; sourceTree = BUILT_PRODUCTS_DIR; };
		C0DFC9AB200416C40032E24E /* HelloTests.swift */ = {isa = PBXFileReference; lastKnownFileType = sourcecode.swift; path = HelloTests.swift; sourceTree = "<group>"; };
		C0DFC9AD200416C40032E24E /* Info.plist */ = {isa = PBXFileReference; lastKnownFileType = text.plist.xml; path = Info.plist; sourceTree = "<group>"; };
		C0DFC9B2200416C40032E24E /* HelloUITests.xctest */ = {isa = PBXFileReference; explicitFileType = wrapper.cfbundle; includeInIndex = 0; path = HelloUITests.xctest; sourceTree = BUILT_PRODUCTS_DIR; };
		C0DFC9B6200416C40032E24E /* HelloUITests.swift */ = {isa = PBXFileReference; lastKnownFileType = sourcecode.swift; path = HelloUITests.swift; sourceTree = "<group>"; };
		C0DFC9B8200416C40032E24E /* Info.plist */ = {isa = PBXFileReference; lastKnownFileType = text.plist.xml; path = Info.plist; sourceTree = "<group>"; };
/* End PBXFileReference section */

/* Begin PBXFrameworksBuildPhase section */
		C0DFC990200416C30032E24E /* Frameworks */ = {
			isa = PBXFrameworksBuildPhase;
			buildActionMask = 2147483647;
			files = (
			);
			runOnlyForDeploymentPostprocessing = 0;
		};
		C0DFC9A4200416C40032E24E /* Frameworks */ = {
			isa = PBXFrameworksBuildPhase;
			buildActionMask = 2147483647;
			files = (
			);
			runOnlyForDeploymentPostprocessing = 0;
		};
		C0DFC9AF200416C40032E24E /* Frameworks */ = {
			isa = PBXFrameworksBuildPhase;
			buildActionMask = 2147483647;
			files = (
			);
			runOnlyForDeploymentPostprocessing = 0;
		};
/* End PBXFrameworksBuildPhase section */

/* Begin PBXGroup section */
		C0DFC98A200416C30032E24E = {
			isa = PBXGroup;
			children = (
				C0DFC995200416C40032E24E /* Hello */,
				C0DFC9AA200416C40032E24E /* HelloTests */,
				C0DFC9B5200416C40032E24E /* HelloUITests */,
				C0DFC994200416C40032E24E /* Products */,
			);
			sourceTree = "<group>";
		};
		C0DFC994200416C40032E24E /* Products */ = {
			isa = PBXGroup;
			children = (
				C0DFC993200416C40032E24E /* Hello.app */,
				C0DFC9A7200416C40032E24E /* HelloTests.xctest */,
				C0DFC9B2200416C40032E24E /* HelloUITests.xctest */,
			);
			name = Products;
			sourceTree = "<group>";
		};
		C0DFC995200416C40032E24E /* Hello */ = {
			isa = PBXGroup;
			children = (
				C0DFC996200416C40032E24E /* AppDelegate.swift */,
				C0DFC998200416C40032E24E /* ViewController.swift */,
				C0DFC99A200416C40032E24E /* Main.storyboard */,
				C0DFC99D200416C40032E24E /* Assets.xcassets */,
				C0DFC99F200416C40032E24E /* LaunchScreen.storyboard */,
				C0DFC9A2200416C40032E24E /* Info.plist */,
			);
			path = Hello;
			sourceTree = "<group>";
		};
		C0DFC9AA200416C40032E24E /* HelloTests */ = {
			isa = PBXGroup;
			children = (
				C0DFC9AB200416C40032E24E /* HelloTests.swift */,
				C0DFC9AD200416C40032E24E /* Info.plist */,
			);
			path = HelloTests;
			sourceTree = "<group>";
		};
		C0DFC9B5200416C40032E24E /* HelloUITests */ = {
			isa = PBXGroup;
			children = (
				C0DFC9B6200416C40032E24E /* HelloUITests.swift */,
				C0DFC9B8200416C40032E24E /* Info.plist */,
			);
			path = HelloUITests;
			sourceTree = "<group>";
		};
/* End PBXGroup section */

/* Begin PBXNativeTarget section */
		C0DFC992200416C30032E24E /* Hello */ = {
			isa = PBXNativeTarget;
			buildConfigurationList = C0DFC9BB200416C40032E24E /* Build configuration list for PBXNativeTarget "Hello" */;
			buildPhases = (
				C0DFC98F200416C30032E24E /* Sources */,
				C0DFC990200416C30032E24E /* Frameworks */,
				C0DFC991200416C30032E24E /* Resources */,
			);
			buildRules = (
			);
			dependencies = (
			);
			name = Hello;
			productName = Hello;
			productReference = C0DFC993200416C40032E24E /* Hello.app */;
			productType = "com.apple.product-type.application";
		};
		C0DFC9A6200416C40032E24E /* HelloTests */ = {
			isa = PBXNativeTarget;
			buildConfigurationList = C0DFC9BE200416C40032E24E /* Build configuration list for PBXNativeTarget "HelloTests" */;
			buildPhases = (
				C0DFC9A3200416C40032E24E /* Sources */,
				C0DFC9A4200416C40032E24E /* Frameworks */,
				C0DFC9A5200416C40032E24E /* Resources */,
			);
			buildRules = (
			);
			dependencies = (
				C0DFC9A9200416C40032E24E /* PBXTargetDependency */,
			);
			name = HelloTests;
			productName = HelloTests;
			productReference = C0DFC9A7200416C40032E24E /* HelloTests.xctest */;
			productType = "com.apple.product-type.bundle.unit-test";
		};
		C0DFC9B1200416C40032E24E /* HelloUITests */ = {
			isa = PBXNativeTarget;
			buildConfigurationList = C0DFC9C1200416C40032E24E /* Build configuration list for PBXNativeTarget "HelloUITests" */;
			buildPhases = (
				C0DFC9AE200416C40032E24E /* Sources */,
				C0DFC9AF200416C40032E24E /* Frameworks */,
				C0DFC9B0200416C40032E24E /* Resources */,
			);
			buildRules = (
			);
			dependencies = (
				C0DFC9B4200416C40032E24E /* PBXTargetDependency */,
			);
			name = HelloUITests;
			productName = HelloUITests;
			productReference = C0DFC9B2200416C40032E24E /* HelloUITests.xctest */;
			productType = "com.apple.product-type.bundle.ui-testing";
		};
/* End PBXNativeTarget section */

/* Begin PBXProject section */
		C0DFC98B200416C30032E24E /* Project object */ = {
			isa = PBXProject;
			attributes = {
				LastSwiftUpdateCheck = 0920;
				LastUpgradeCheck = 0920;
				ORGANIZATIONNAME = "Yicheng Jiang";
				TargetAttributes = {
					C0DFC992200416C30032E24E = {
						CreatedOnToolsVersion = 9.2;
						ProvisioningStyle = Automatic;
					};
					C0DFC9A6200416C40032E24E = {
						CreatedOnToolsVersion = 9.2;
						ProvisioningStyle = Automatic;
						TestTargetID = C0DFC992200416C30032E24E;
					};
					C0DFC9B1200416C40032E24E = {
						CreatedOnToolsVersion = 9.2;
						ProvisioningStyle = Automatic;
						TestTargetID = C0DFC992200416C30032E24E;
					};
				};
			};
			buildConfigurationList = C0DFC98E200416C30032E24E /* Build configuration list for PBXProject "Hello" */;
			compatibilityVersion = "Xcode 8.0";
			developmentRegion = en;
			hasScannedForEncodings = 0;
			knownRegions = (
				en,
				Base,
			);
			mainGroup = C0DFC98A200416C30032E24E;
			productRefGroup = C0DFC994200416C40032E24E /* Products */;
			projectDirPath = "";
			projectRoot = "";
			targets = (
				C0DFC992200416C30032E24E /* Hello */,
				C0DFC9A6200416C40032E24E /* HelloTests */,
				C0DFC9B1200416C40032E24E /* HelloUITests */,
			);
		};
/* End PBXProject section */

/* Begin PBXResourcesBuildPhase section */
		C0DFC991200416C30032E24E /* Resources */ = {
			isa = PBXResourcesBuildPhase;
			buildActionMask = 2147483647;
			files = (
				C0DFC9A1200416C40032E24E /* LaunchScreen.storyboard in Resources */,
				C0DFC99E200416C40032E24E /* Assets.xcassets in Resources */,
				C0DFC99C200416C40032E24E /* Main.storyboard in Resources */,
			);
			runOnlyForDeploymentPostprocessing = 0;
		};
		C0DFC9A5200416C40032E24E /* Resources */ = {
			isa = PBXResourcesBuildPhase;
			buildActionMask = 2147483647;
			files = (
			);
			runOnlyForDeploymentPostprocessing = 0;
		};
		C0DFC9B0200416C40032E24E /* Resources */ = {
			isa = PBXResourcesBuildPhase;
			buildActionMask = 2147483647;
			files = (
			);
			runOnlyForDeploymentPostprocessing = 0;
		};
/* End PBXResourcesBuildPhase section */

/* Begin PBXSourcesBuildPhase section */
		C0DFC98F200416C30032E24E /* Sources */ = {
			isa = PBXSourcesBuildPhase;
			buildActionMask = 2147483647;
			files = (
				C0DFC999200416C40032E24E /* ViewController.swift in Sources */,
				C0DFC997200416C40032E24E /* AppDelegate.swift in Sources */,
			);
			runOnlyForDeploymentPostprocessing = 0;
		};
		C0DFC9A3200416C40032E24E /* Sources */ = {
			isa = PBXSourcesBuildPhase;
			buildActionMask = 2147483647;
			files = (
				C0DFC9AC200416C40032E24E /* HelloTests.swift in Sources */,
			);
			runOnlyForDeploymentPostprocessing = 0;
		};
		C0DFC9AE200416C40032E24E /* Sources */ = {
			isa = PBXSourcesBuildPhase;
			buildActionMask = 2147483647;
			files = (
				C0DFC9B7200416C40032E24E /* HelloUITests.swift in Sources */,
			);
			runOnlyForDeploymentPostprocessing = 0;
		};
/* End PBXSourcesBuildPhase section */

/* Begin PBXTargetDependency section */
		C0DFC9A9200416C40032E24E /* PBXTargetDependency */ = {
			isa = PBXTargetDependency;
			target = C0DFC992200416C30032E24E /* Hello */;
			targetProxy = C0DFC9A8200416C40032E24E /* PBXContainerItemProxy */;
		};
		C0DFC9B4200416C40032E24E /* PBXTargetDependency */ = {
			isa = PBXTargetDependency;
			target = C0DFC992200416C30032E24E /* Hello */;
			targetProxy = C0DFC9B3200416C40032E24E /* PBXContainerItemProxy */;
		};
/* End PBXTargetDependency section */

/* Begin PBXVariantGroup section */
		C0DFC99A200416C40032E24E /* Main.storyboard */ = {
			isa = PBXVariantGroup;
			children = (
				C0DFC99B200416C40032E24E /* Base */,
			);
			name = Main.storyboard;
			sourceTree = "<group>";
		};
		C0DFC99F200416C40032E24E /* LaunchScreen.storyboard */ = {
			isa = PBXVariantGroup;
			children = (
				C0DFC9A0200416C40032E24E /* Base */,
			);
			name = LaunchScreen.storyboard;
			sourceTree = "<group>";
		};
/* End PBXVariantGroup section */

/* Begin XCBuildConfiguration section */
		C0DFC9B9200416C40032E24E /* Debug */ = {
			isa = XCBuildConfiguration;
			buildSettings = {
				ALWAYS_SEARCH_USER_PATHS = NO;
				CLANG_ANALYZER_NONNULL = YES;
				CLANG_ANALYZER_NUMBER_OBJECT_CONVERSION = YES_AGGRESSIVE;
				CLANG_CXX_LANGUAGE_STANDARD = "gnu++14";
				CLANG_CXX_LIBRARY = "libc++";
				CLANG_ENABLE_MODULES = YES;
				CLANG_ENABLE_OBJC_ARC = YES;
				CLANG_WARN_BLOCK_CAPTURE_AUTORELEASING = YES;
				CLANG_WARN_BOOL_CONVERSION = YES;
				CLANG_WARN_COMMA = YES;
				CLANG_WARN_CONSTANT_CONVERSION = YES;
				CLANG_WARN_DIRECT_OBJC_ISA_USAGE = YES_ERROR;
				CLANG_WARN_DOCUMENTATION_COMMENTS = YES;
				CLANG_WARN_EMPTY_BODY = YES;
				CLANG_WARN_ENUM_CONVERSION = YES;
				CLANG_WARN_INFINITE_RECURSION = YES;
				CLANG_WARN_INT_CONVERSION = YES;
				CLANG_WARN_NON_LITERAL_NULL_CONVERSION = YES;
				CLANG_WARN_OBJC_LITERAL_CONVERSION = YES;
				CLANG_WARN_OBJC_ROOT_CLASS = YES_ERROR;
				CLANG_WARN_RANGE_LOOP_ANALYSIS = YES;
				CLANG_WARN_STRICT_PROTOTYPES = YES;
				CLANG_WARN_SUSPICIOUS_MOVE = YES;
				CLANG_WARN_UNGUARDED_AVAILABILITY = YES_AGGRESSIVE;
				CLANG_WARN_UNREACHABLE_CODE = YES;
				CLANG_WARN__DUPLICATE_METHOD_MATCH = YES;
				CODE_SIGN_IDENTITY = "iPhone Developer";
				COPY_PHASE_STRIP = NO;
				DEBUG_INFORMATION_FORMAT = dwarf;
				ENABLE_STRICT_OBJC_MSGSEND = YES;
				ENABLE_TESTABILITY = YES;
				GCC_C_LANGUAGE_STANDARD = gnu11;
				GCC_DYNAMIC_NO_PIC = NO;
				GCC_NO_COMMON_BLOCKS = YES;
				GCC_OPTIMIZATION_LEVEL = 0;
				GCC_PREPROCESSOR_DEFINITIONS = (
					"DEBUG=1",
					"$(inherited)",
				);
				GCC_WARN_64_TO_32_BIT_CONVERSION = YES;
				GCC_WARN_ABOUT_RETURN_TYPE = YES_ERROR;
				GCC_WARN_UNDECLARED_SELECTOR = YES;
				GCC_WARN_UNINITIALIZED_AUTOS = YES_AGGRESSIVE;
				GCC_WARN_UNUSED_FUNCTION = YES;
				GCC_WARN_UNUSED_VARIABLE = YES;
				IPHONEOS_DEPLOYMENT_TARGET = 11.2;
				MTL_ENABLE_DEBUG_INFO = YES;
				ONLY_ACTIVE_ARCH = YES;
				SDKROOT = iphoneos;
				SWIFT_ACTIVE_COMPILATION_CONDITIONS = DEBUG;
				SWIFT_OPTIMIZATION_LEVEL = "-Onone";
			};
			name = Debug;
		};
		C0DFC9BA200416C40032E24E /* Release */ = {
			isa = XCBuildConfiguration;
			buildSettings = {
				ALWAYS_SEARCH_USER_PATHS = NO;
				CLANG_ANALYZER_NONNULL = YES;
				CLANG_ANALYZER_NUMBER_OBJECT_CONVERSION = YES_AGGRESSIVE;
				CLANG_CXX_LANGUAGE_STANDARD = "gnu++14";
				CLANG_CXX_LIBRARY = "libc++";
				CLANG_ENABLE_MODULES = YES;
				CLANG_ENABLE_OBJC_ARC = YES;
				CLANG_WARN_BLOCK_CAPTURE_AUTORELEASING = YES;
				CLANG_WARN_BOOL_CONVERSION = YES;
				CLANG_WARN_COMMA = YES;
				CLANG_WARN_CONSTANT_CONVERSION = YES;
				CLANG_WARN_DIRECT_OBJC_ISA_USAGE = YES_ERROR;
				CLANG_WARN_DOCUMENTATION_COMMENTS = YES;
				CLANG_WARN_EMPTY_BODY = YES;
				CLANG_WARN_ENUM_CONVERSION = YES;
				CLANG_WARN_INFINITE_RECURSION = YES;
				CLANG_WARN_INT_CONVERSION = YES;
				CLANG_WARN_NON_LITERAL_NULL_CONVERSION = YES;
				CLANG_WARN_OBJC_LITERAL_CONVERSION = YES;
				CLANG_WARN_OBJC_ROOT_CLASS = YES_ERROR;
				CLANG_WARN_RANGE_LOOP_ANALYSIS = YES;
				CLANG_WARN_STRICT_PROTOTYPES = YES;
				CLANG_WARN_SUSPICIOUS_MOVE = YES;
				CLANG_WARN_UNGUARDED_AVAILABILITY = YES_AGGRESSIVE;
				CLANG_WARN_UNREACHABLE_CODE = YES;
				CLANG_WARN__DUPLICATE_METHOD_MATCH = YES;
				CODE_SIGN_IDENTITY = "iPhone Developer";
				COPY_PHASE_STRIP = NO;
				DEBUG_INFORMATION_FORMAT = "dwarf-with-dsym";
				ENABLE_NS_ASSERTIONS = NO;
				ENABLE_STRICT_OBJC_MSGSEND = YES;
				GCC_C_LANGUAGE_STANDARD = gnu11;
				GCC_NO_COMMON_BLOCKS = YES;
				GCC_WARN_64_TO_32_BIT_CONVERSION = YES;
				GCC_WARN_ABOUT_RETURN_TYPE = YES_ERROR;
				GCC_WARN_UNDECLARED_SELECTOR = YES;
				GCC_WARN_UNINITIALIZED_AUTOS = YES_AGGRESSIVE;
				GCC_WARN_UNUSED_FUNCTION = YES;
				GCC_WARN_UNUSED_VARIABLE = YES;
				IPHONEOS_DEPLOYMENT_TARGET = 11.2;
				MTL_ENABLE_DEBUG_INFO = NO;
				SDKROOT = iphoneos;
				SWIFT_OPTIMIZATION_LEVEL = "-Owholemodule";
				VALIDATE_PRODUCT = YES;
			};
			name = Release;
		};
		C0DFC9BC200416C40032E24E /* Debug */ = {
			isa = XCBuildConfiguration;
			buildSettings = {
				ASSETCATALOG_COMPILER_APPICON_NAME = AppIcon;
				CODE_SIGN_STYLE = Automatic;
				INFOPLIST_FILE = Hello/Info.plist;
				LD_RUNPATH_SEARCH_PATHS = "$(inherited) @executable_path/Frameworks";
				PRODUCT_BUNDLE_IDENTIFIER = com.uwinfo449.Hello;
				PRODUCT_NAME = "$(TARGET_NAME)";
				SWIFT_VERSION = 4.0;
				TARGETED_DEVICE_FAMILY = "1,2";
			};
			name = Debug;
		};
		C0DFC9BD200416C40032E24E /* Release */ = {
			isa = XCBuildConfiguration;
			buildSettings = {
				ASSETCATALOG_COMPILER_APPICON_NAME = AppIcon;
				CODE_SIGN_STYLE = Automatic;
				INFOPLIST_FILE = Hello/Info.plist;
				LD_RUNPATH_SEARCH_PATHS = "$(inherited) @executable_path/Frameworks";
				PRODUCT_BUNDLE_IDENTIFIER = com.uwinfo449.Hello;
				PRODUCT_NAME = "$(TARGET_NAME)";
				SWIFT_VERSION = 4.0;
				TARGETED_DEVICE_FAMILY = "1,2";
			};
			name = Release;
		};
		C0DFC9BF200416C40032E24E /* Debug */ = {
			isa = XCBuildConfiguration;
			buildSettings = {
				ALWAYS_EMBED_SWIFT_STANDARD_LIBRARIES = YES;
				BUNDLE_LOADER = "$(TEST_HOST)";
				CODE_SIGN_STYLE = Automatic;
				INFOPLIST_FILE = HelloTests/Info.plist;
				LD_RUNPATH_SEARCH_PATHS = "$(inherited) @executable_path/Frameworks @loader_path/Frameworks";
				PRODUCT_BUNDLE_IDENTIFIER = com.universityofwashington.HelloTests;
				PRODUCT_NAME = "$(TARGET_NAME)";
				SWIFT_VERSION = 4.0;
				TARGETED_DEVICE_FAMILY = "1,2";
				TEST_HOST = "$(BUILT_PRODUCTS_DIR)/Hello.app/Hello";
			};
			name = Debug;
		};
		C0DFC9C0200416C40032E24E /* Release */ = {
			isa = XCBuildConfiguration;
			buildSettings = {
				ALWAYS_EMBED_SWIFT_STANDARD_LIBRARIES = YES;
				BUNDLE_LOADER = "$(TEST_HOST)";
				CODE_SIGN_STYLE = Automatic;
				INFOPLIST_FILE = HelloTests/Info.plist;
				LD_RUNPATH_SEARCH_PATHS = "$(inherited) @executable_path/Frameworks @loader_path/Frameworks";
				PRODUCT_BUNDLE_IDENTIFIER = com.universityofwashington.HelloTests;
				PRODUCT_NAME = "$(TARGET_NAME)";
				SWIFT_VERSION = 4.0;
				TARGETED_DEVICE_FAMILY = "1,2";
				TEST_HOST = "$(BUILT_PRODUCTS_DIR)/Hello.app/Hello";
			};
			name = Release;
		};
		C0DFC9C2200416C40032E24E /* Debug */ = {
			isa = XCBuildConfiguration;
			buildSettings = {
				ALWAYS_EMBED_SWIFT_STANDARD_LIBRARIES = YES;
				CODE_SIGN_STYLE = Automatic;
				INFOPLIST_FILE = HelloUITests/Info.plist;
				LD_RUNPATH_SEARCH_PATHS = "$(inherited) @executable_path/Frameworks @loader_path/Frameworks";
				PRODUCT_BUNDLE_IDENTIFIER = com.universityofwashington.HelloUITests;
				PRODUCT_NAME = "$(TARGET_NAME)";
				SWIFT_VERSION = 4.0;
				TARGETED_DEVICE_FAMILY = "1,2";
				TEST_TARGET_NAME = Hello;
			};
			name = Debug;
		};
		C0DFC9C3200416C40032E24E /* Release */ = {
			isa = XCBuildConfiguration;
			buildSettings = {
				ALWAYS_EMBED_SWIFT_STANDARD_LIBRARIES = YES;
				CODE_SIGN_STYLE = Automatic;
				INFOPLIST_FILE = HelloUITests/Info.plist;
				LD_RUNPATH_SEARCH_PATHS = "$(inherited) @executable_path/Frameworks @loader_path/Frameworks";
				PRODUCT_BUNDLE_IDENTIFIER = com.universityofwashington.HelloUITests;
				PRODUCT_NAME = "$(TARGET_NAME)";
				SWIFT_VERSION = 4.0;
				TARGETED_DEVICE_FAMILY = "1,2";
				TEST_TARGET_NAME = Hello;
			};
			name = Release;
		};
/* End XCBuildConfiguration section */

/* Begin XCConfigurationList section */
		C0DFC98E200416C30032E24E /* Build configuration list for PBXProject "Hello" */ = {
			isa = XCConfigurationList;
			buildConfigurations = (
				C0DFC9B9200416C40032E24E /* Debug */,
				C0DFC9BA200416C40032E24E /* Release */,
			);
			defaultConfigurationIsVisible = 0;
			defaultConfigurationName = Release;
		};
		C0DFC9BB200416C40032E24E /* Build configuration list for PBXNativeTarget "Hello" */ = {
			isa = XCConfigurationList;
			buildConfigurations = (
				C0DFC9BC200416C40032E24E /* Debug */,
				C0DFC9BD200416C40032E24E /* Release */,
			);
			defaultConfigurationIsVisible = 0;
			defaultConfigurationName = Release;
		};
		C0DFC9BE200416C40032E24E /* Build configuration list for PBXNativeTarget "HelloTests" */ = {
			isa = XCConfigurationList;
			buildConfigurations = (
				C0DFC9BF200416C40032E24E /* Debug */,
				C0DFC9C0200416C40032E24E /* Release */,
			);
			defaultConfigurationIsVisible = 0;
			defaultConfigurationName = Release;
		};
		C0DFC9C1200416C40032E24E /* Build configuration list for PBXNativeTarget "HelloUITests" */ = {
			isa = XCConfigurationList;
			buildConfigurations = (
				C0DFC9C2200416C40032E24E /* Debug */,
				C0DFC9C3200416C40032E24E /* Release */,
			);
			defaultConfigurationIsVisible = 0;
			defaultConfigurationName = Release;
		};
/* End XCConfigurationList section */
	};
	rootObject = C0DFC98B200416C30032E24E /* Project object */;
}
